
Microsoft Visual Studio Solution File, Format Version 12.00
# Visual Studio Version 17
VisualStudioVersion = 17.11.35222.181
MinimumVisualStudioVersion = 10.0.40219.1
Project("{FAE04EC0-301F-11D3-BF4B-00C04F79EFBC}") = "nail", "nail.csproj", "{12BB2E2A-E43E-4FC5-9F49-C73718618218}"
EndProject
Global
	GlobalSection(SolutionConfigurationPlatforms) = preSolution
		Debug|Any CPU = Debug|Any CPU
		Release|Any CPU = Release|Any CPU
	EndGlobalSection
	GlobalSection(ProjectConfigurationPlatforms) = postSolution
		{12BB2E2A-E43E-4FC5-9F49-C73718618218}.Debug|Any CPU.ActiveCfg = Debug|Any CPU
		{12BB2E2A-E43E-4FC5-9F49-C73718618218}.Debug|Any CPU.Build.0 = Debug|Any CPU
		{12BB2E2A-E43E-4FC5-9F49-C73718618218}.Release|Any CPU.ActiveCfg = Release|Any CPU
		{12BB2E2A-E43E-4FC5-9F49-C73718618218}.Release|Any CPU.Build.0 = Release|Any CPU
	EndGlobalSection
	GlobalSection(SolutionProperties) = preSolution
		HideSolutionNode = FALSE
	EndGlobalSection
	GlobalSection(ExtensibilityGlobals) = postSolution
		SolutionGuid = {0DCD9DD7-99A6-4C05-B75E-C0CC6E2AC192}
	EndGlobalSection
EndGlobal
